
Microsoft Visual Studio Solution File, Format Version 12.00
# Visual Studio 14
VisualStudioVersion = 14.0.24720.0
MinimumVisualStudioVersion = 10.0.40219.1
Project("{FAE04EC0-301F-11D3-BF4B-00C04F79EFBC}") = "StockScanner.Indicators", "StockScanner.Indicators\StockScanner.Indicators.csproj", "{87ED11AD-BF66-4132-8147-98327B3BB44F}"
EndProject
Project("{FAE04EC0-301F-11D3-BF4B-00C04F79EFBC}") = "StockScanner.Interfaces", "StockScanner.Interfaces\StockScanner.Interfaces.csproj", "{47C39BDE-3E1A-40BB-B0FC-441DB73BDB03}"
EndProject
Global
	GlobalSection(SolutionConfigurationPlatforms) = preSolution
		Debug|Any CPU = Debug|Any CPU
		Release|Any CPU = Release|Any CPU
	EndGlobalSection
	GlobalSection(ProjectConfigurationPlatforms) = postSolution
		{87ED11AD-BF66-4132-8147-98327B3BB44F}.Debug|Any CPU.ActiveCfg = Debug|Any CPU
		{87ED11AD-BF66-4132-8147-98327B3BB44F}.Debug|Any CPU.Build.0 = Debug|Any CPU
		{87ED11AD-BF66-4132-8147-98327B3BB44F}.Release|Any CPU.ActiveCfg = Release|Any CPU
		{87ED11AD-BF66-4132-8147-98327B3BB44F}.Release|Any CPU.Build.0 = Release|Any CPU
		{47C39BDE-3E1A-40BB-B0FC-441DB73BDB03}.Debug|Any CPU.ActiveCfg = Debug|Any CPU
		{47C39BDE-3E1A-40BB-B0FC-441DB73BDB03}.Debug|Any CPU.Build.0 = Debug|Any CPU
		{47C39BDE-3E1A-40BB-B0FC-441DB73BDB03}.Release|Any CPU.ActiveCfg = Release|Any CPU
		{47C39BDE-3E1A-40BB-B0FC-441DB73BDB03}.Release|Any CPU.Build.0 = Release|Any CPU
	EndGlobalSection
	GlobalSection(SolutionProperties) = preSolution
		HideSolutionNode = FALSE
	EndGlobalSection
EndGlobal
